<?xml version="1.0" encoding="utf-8"?>
<Project ToolsVersion="15.0" xmlns="http://schemas.microsoft.com/developer/msbuild/2003">
  <ItemGroup>
    <Filter Include="Resources">
      <UniqueIdentifier>accd3aa8-1ba0-4223-9bbe-0c431709210b</UniqueIdentifier>
      <Extensions>rc;ico;cur;bmp;dlg;rc2;rct;bin;rgs;gif;jpg;jpeg;jpe;resx;tga;tiff;tif;png;wav;mfcribbon-ms</Extensions>
    </Filter>
    <Filter Include="Generated Files">
      <UniqueIdentifier>{926ab91d-31b4-48c3-b9a4-e681349f27f0}</UniqueIdentifier>
    </Filter>
  </ItemGroup>
  <ItemGroup>
    <ClCompile Include="Generated Files\module.g.cpp" />
    <ClCompile Include="Source\AudioPlayer\AudioData\AudioSample\MFAudioSample.cpp" />
    <ClCompile Include="Source\AudioPlayer\AudioHelpers\Auto.cpp" />
    <ClCompile Include="Source\AudioPlayer\AudioHelpers\InitMasterVoice.cpp" />
    <ClCompile Include="Source\AudioPlayer\AudioEngine\VoiceCallBack.cpp" />
    <ClCompile Include="Source\AudioPlayer\AudioEngine\XAudio2Player.cpp" />
    <ClCompile Include="Source\AudioPlayer\AudioData\AudioReader\MFAudioReader.cpp" />
    <ClCompile Include="Source\AudioPlayer\AudioEvents\MFAudioEvents.cpp" />
    <ClCompile Include="Source\AudioPlayer\AudioPlayer.cpp" />
    <ClCompile Include="Source\Graphics\Renderer.cpp" />
    <ClCompile Include="Source\Graphics\Renderer\NativeRenderer.cpp" />
    <ClCompile Include="Source\Graphics\Scene\Camera.cpp" />
    <ClCompile Include="Source\Graphics\Scene\Mesh.cpp" />
    <ClCompile Include="Source\Graphics\Scene\Model.cpp" />
    <ClCompile Include="Source\Graphics\Scene\TextureManager.cpp" />
    <ClCompile Include="Source\Graphics\DirectX12\Base\D12Device.cpp" />
    <ClCompile Include="Source\Graphics\DirectX12\Commands\D12CommandList.cpp" />
    <ClCompile Include="Source\Graphics\DirectX12\Commands\D12CommandQueue.cpp" />
    <ClCompile Include="Source\Graphics\DirectX12\Descriptors\D12DescriptorHeap.cpp" />
    <ClCompile Include="Source\Graphics\DirectX12\MemoryManagement\BufferUploader.cpp" />
    <ClCompile Include="Source\Graphics\DirectX12\Pipeline\D12PipelineState.cpp" />
    <ClCompile Include="Source\Graphics\DirectX12\Pipeline\D12RootSignature.cpp" />
    <ClCompile Include="Source\Graphics\DirectX12\Pipeline\HLSLShader.cpp" />
    <ClCompile Include="Source\Graphics\DirectX12\Resource\D12Resource.cpp" />
  </ItemGroup>
  <ItemGroup>
    <None Include="EarthInBeatsEngine.def" />
    <None Include="packages.config" />
  </ItemGroup>
  <ItemGroup>
    <None Include="PropertySheet.props" />
  </ItemGroup>
  <ItemGroup>
    <Text Include="readme.txt" />
  </ItemGroup>
  <ItemGroup>
    <ClInclude Include="Source\AudioPlayer\AudioData\AudioSample\MFAudioSample.h" />
    <ClInclude Include="Source\AudioPlayer\AudioData\AudioSample\IAudioSample.h" />
    <ClInclude Include="Source\AudioPlayer\AudioHelpers\Auto.h" />
    <ClInclude Include="Source\AudioPlayer\AudioHelpers\InitMasterVoice.h" />
    <ClInclude Include="Source\AudioPlayer\AudioHelpers\Rational.h" />
    <ClInclude Include="Source\AudioPlayer\AudioEngine\XAudio2Player.h" />
    <ClInclude Include="Source\AudioPlayer\AudioData\AudioReader\IAudioReader.h" />
    <ClInclude Include="Source\AudioPlayer\AudioData\AudioReader\MFAudioReader.h" />
    <ClInclude Include="Source\AudioPlayer\AudioEvents\IAudioEvents.h" />
    <ClInclude Include="Source\AudioPlayer\AudioEvents\MFAudioEvents.h" />
    <ClInclude Include="Source\AudioPlayer\AudioPlayer.h" />
    <ClInclude Include="Source\Graphics\Renderer.h" />
    <ClInclude Include="Source\Graphics\Helpers\d3dx12.h" />
    <ClInclude Include="Source\Graphics\Helpers\DxHelper.h" />
    <ClInclude Include="Source\Graphics\Helpers\ISingleton.h" />
    <ClInclude Include="Source\Graphics\Renderer\NativeRenderer.h" />
    <ClInclude Include="Source\Graphics\Scene\Camera.h" />
    <ClInclude Include="Source\Graphics\Scene\Mesh.h" />
    <ClInclude Include="Source\Graphics\Scene\Model.h" />
    <ClInclude Include="Source\Graphics\Renderer\UploadContext.h" />
    <ClInclude Include="Source\Graphics\Scene\Material.h" />
    <ClInclude Include="Source\Graphics\Scene\TextureManager.h" />
    <ClInclude Include="Source\Graphics\DirectX12\Base\D12Device.h" />
    <ClInclude Include="Source\Graphics\DirectX12\Commands\D12CommandList.h" />
    <ClInclude Include="Source\Graphics\DirectX12\Commands\D12CommandQueue.h" />
    <ClInclude Include="Source\Graphics\DirectX12\Descriptors\D12DescriptorHeap.h" />
    <ClInclude Include="Source\Graphics\DirectX12\MemoryManagement\BufferUploader.h" />
    <ClInclude Include="Source\Graphics\DirectX12\Pipeline\D12PipelineState.h" />
    <ClInclude Include="Source\Graphics\DirectX12\Pipeline\D12RootSignature.h" />
    <ClInclude Include="Source\Graphics\DirectX12\Pipeline\HLSLShader.h" />
    <ClInclude Include="Source\Graphics\DirectX12\Resource\D12Resource.h" />
    <ClInclude Include="Source\Graphics\Renderer\RenderDataTypes.h" />
    <ClInclude Include="Source\Graphics\Renderer\ConstantBufferData.h" />
  </ItemGroup>
  <ItemGroup>
    <Midl Include="Source\AudioPlayer\AudioPlayer.idl" />
    <Midl Include="Source\Graphics\Renderer.idl" />
  </ItemGroup>
  <ItemGroup>
    <FxCompile Include="Source\Graphics\Shaders\basic_vs.hlsl" />
    <FxCompile Include="Source\Graphics\Shaders\background_vs.hlsl" />
    <FxCompile Include="Source\Graphics\Shaders\basic_ps.hlsl" />
    <FxCompile Include="Source\Graphics\Shaders\background_ps.hlsl" />
  </ItemGroup>
</Project>